
Microsoft Visual Studio Solution File, Format Version 12.00
# Visual Studio Version 17
VisualStudioVersion = 17.9.34728.123
MinimumVisualStudioVersion = 10.0.40219.1
Project("{FAE04EC0-301F-11D3-BF4B-00C04F79EFBC}") = "Producer", "Producer\Producer.csproj", "{ECEBC031-1069-41D6-8CA1-E9737BAD53B4}"
EndProject
Project("{FAE04EC0-301F-11D3-BF4B-00C04F79EFBC}") = "Consumer", "Consumer\Consumer.csproj", "{5E0062AF-8C10-43DB-B697-074C4DE92824}"
EndProject
Global
	GlobalSection(SolutionConfigurationPlatforms) = preSolution
		Debug|Any CPU = Debug|Any CPU
		Release|Any CPU = Release|Any CPU
	EndGlobalSection
	GlobalSection(ProjectConfigurationPlatforms) = postSolution
		{ECEBC031-1069-41D6-8CA1-E9737BAD53B4}.Debug|Any CPU.ActiveCfg = Debug|Any CPU
		{ECEBC031-1069-41D6-8CA1-E9737BAD53B4}.Debug|Any CPU.Build.0 = Debug|Any CPU
		{ECEBC031-1069-41D6-8CA1-E9737BAD53B4}.Release|Any CPU.ActiveCfg = Release|Any CPU
		{ECEBC031-1069-41D6-8CA1-E9737BAD53B4}.Release|Any CPU.Build.0 = Release|Any CPU
		{5E0062AF-8C10-43DB-B697-074C4DE92824}.Debug|Any CPU.ActiveCfg = Debug|Any CPU
		{5E0062AF-8C10-43DB-B697-074C4DE92824}.Debug|Any CPU.Build.0 = Debug|Any CPU
		{5E0062AF-8C10-43DB-B697-074C4DE92824}.Release|Any CPU.ActiveCfg = Release|Any CPU
		{5E0062AF-8C10-43DB-B697-074C4DE92824}.Release|Any CPU.Build.0 = Release|Any CPU
	EndGlobalSection
	GlobalSection(SolutionProperties) = preSolution
		HideSolutionNode = FALSE
	EndGlobalSection
	GlobalSection(ExtensibilityGlobals) = postSolution
		SolutionGuid = {BF7AA86D-A780-4B39-BCF6-66791D5D24FB}
	EndGlobalSection
EndGlobal
